
Microsoft Visual Studio Solution File, Format Version 12.00
# Visual Studio Version 16
VisualStudioVersion = 16.0.28711.60
MinimumVisualStudioVersion = 10.0.40219.1
Project("{9A19103F-16F7-4668-BE54-9A1E7A4F7556}") = "ImageRekognition", "ImageRekognition.csproj", "{831C4BC3-A4E9-4581-9787-CFF79E5DF841}"
EndProject
Project("{9A19103F-16F7-4668-BE54-9A1E7A4F7556}") = "ImageRekognition.Tests", "..\ImageRekognition.Tests\ImageRekognition.Tests.csproj", "{699F334E-E66F-438C-89FB-0B51B1F53969}"
EndProject
Global
	GlobalSection(SolutionConfigurationPlatforms) = preSolution
		Debug|Any CPU = Debug|Any CPU
		Release|Any CPU = Release|Any CPU
	EndGlobalSection
	GlobalSection(ProjectConfigurationPlatforms) = postSolution
		{831C4BC3-A4E9-4581-9787-CFF79E5DF841}.Debug|Any CPU.ActiveCfg = Debug|Any CPU
		{831C4BC3-A4E9-4581-9787-CFF79E5DF841}.Debug|Any CPU.Build.0 = Debug|Any CPU
		{831C4BC3-A4E9-4581-9787-CFF79E5DF841}.Release|Any CPU.ActiveCfg = Release|Any CPU
		{831C4BC3-A4E9-4581-9787-CFF79E5DF841}.Release|Any CPU.Build.0 = Release|Any CPU
		{699F334E-E66F-438C-89FB-0B51B1F53969}.Debug|Any CPU.ActiveCfg = Debug|Any CPU
		{699F334E-E66F-438C-89FB-0B51B1F53969}.Debug|Any CPU.Build.0 = Debug|Any CPU
		{699F334E-E66F-438C-89FB-0B51B1F53969}.Release|Any CPU.ActiveCfg = Release|Any CPU
		{699F334E-E66F-438C-89FB-0B51B1F53969}.Release|Any CPU.Build.0 = Release|Any CPU
	EndGlobalSection
	GlobalSection(SolutionProperties) = preSolution
		HideSolutionNode = FALSE
	EndGlobalSection
	GlobalSection(ExtensibilityGlobals) = postSolution
		SolutionGuid = {C14E9E7A-FAD1-4AEE-BF76-687F18C3D70F}
	EndGlobalSection
EndGlobal
